
Microsoft Visual Studio Solution File, Format Version 12.00
# Visual Studio Version 17
VisualStudioVersion = 17.5.33530.505
MinimumVisualStudioVersion = 10.0.40219.1
Project("{FAE04EC0-301F-11D3-BF4B-00C04F79EFBC}") = "PUPHubChats", "PUPHubChats\PUPHubChats.csproj", "{60FA40AA-8F2A-44C7-AE4E-6871523EC8B2}"
EndProject
Global
	GlobalSection(SolutionConfigurationPlatforms) = preSolution
		Debug|Any CPU = Debug|Any CPU
		Release|Any CPU = Release|Any CPU
	EndGlobalSection
	GlobalSection(ProjectConfigurationPlatforms) = postSolution
		{60FA40AA-8F2A-44C7-AE4E-6871523EC8B2}.Debug|Any CPU.ActiveCfg = Debug|Any CPU
		{60FA40AA-8F2A-44C7-AE4E-6871523EC8B2}.Debug|Any CPU.Build.0 = Debug|Any CPU
		{60FA40AA-8F2A-44C7-AE4E-6871523EC8B2}.Release|Any CPU.ActiveCfg = Release|Any CPU
		{60FA40AA-8F2A-44C7-AE4E-6871523EC8B2}.Release|Any CPU.Build.0 = Release|Any CPU
	EndGlobalSection
	GlobalSection(SolutionProperties) = preSolution
		HideSolutionNode = FALSE
	EndGlobalSection
	GlobalSection(ExtensibilityGlobals) = postSolution
		SolutionGuid = {1E0E1EB3-FE02-4E3E-B791-7A182185729D}
	EndGlobalSection
EndGlobal
