
Microsoft Visual Studio Solution File, Format Version 12.00
# Visual Studio Version 17
VisualStudioVersion = 17.5.33530.505
MinimumVisualStudioVersion = 10.0.40219.1
Project("{9A19103F-16F7-4668-BE54-9A1E7A4F7556}") = "Features_3", "Features_3\Features_3.csproj", "{7679DD1E-2746-4382-BC06-BADF9A0C038E}"
EndProject
Project("{2150E333-8FDC-42A3-9474-1A3956D46DE8}") = "Enable and Disable", "Enable and Disable", "{6B41F70E-F7D2-4BAF-B766-B89634611731}"
	ProjectSection(SolutionItems) = preProject
		Features_3\enable and disable.cs = Features_3\enable and disable.cs
	EndProjectSection
EndProject
Project("{2150E333-8FDC-42A3-9474-1A3956D46DE8}") = "Follow back system", "Follow back system", "{2FD3F84C-8801-485A-AE6A-8BC7736F5CB1}"
	ProjectSection(SolutionItems) = preProject
		Follow back system.cs = Follow back system.cs
	EndProjectSection
EndProject
Project("{2150E333-8FDC-42A3-9474-1A3956D46DE8}") = "Restrictions", "Restrictions", "{C8CA9C8C-8A7D-4BC2-BE39-1528A90A1869}"
	ProjectSection(SolutionItems) = preProject
		Restrictions.cs = Restrictions.cs
	EndProjectSection
EndProject
Global
	GlobalSection(SolutionConfigurationPlatforms) = preSolution
		Debug|Any CPU = Debug|Any CPU
		Release|Any CPU = Release|Any CPU
	EndGlobalSection
	GlobalSection(ProjectConfigurationPlatforms) = postSolution
		{7679DD1E-2746-4382-BC06-BADF9A0C038E}.Debug|Any CPU.ActiveCfg = Debug|Any CPU
		{7679DD1E-2746-4382-BC06-BADF9A0C038E}.Debug|Any CPU.Build.0 = Debug|Any CPU
		{7679DD1E-2746-4382-BC06-BADF9A0C038E}.Release|Any CPU.ActiveCfg = Release|Any CPU
		{7679DD1E-2746-4382-BC06-BADF9A0C038E}.Release|Any CPU.Build.0 = Release|Any CPU
	EndGlobalSection
	GlobalSection(SolutionProperties) = preSolution
		HideSolutionNode = FALSE
	EndGlobalSection
	GlobalSection(ExtensibilityGlobals) = postSolution
		SolutionGuid = {1E0E1EB3-FE02-4E3E-B791-7A182185729D}
	EndGlobalSection
EndGlobal
