
Microsoft Visual Studio Solution File, Format Version 12.00
# Visual Studio Version 17
VisualStudioVersion = 17.5.33530.505
MinimumVisualStudioVersion = 10.0.40219.1
Project("{FAE04EC0-301F-11D3-BF4B-00C04F79EFBC}") = "Features3", "Features3\Features3.csproj", "{846A76AD-26CF-4784-9DCB-53F85F9A2654}"
EndProject
Global
	GlobalSection(SolutionConfigurationPlatforms) = preSolution
		Debug|Any CPU = Debug|Any CPU
		Release|Any CPU = Release|Any CPU
	EndGlobalSection
	GlobalSection(ProjectConfigurationPlatforms) = postSolution
		{846A76AD-26CF-4784-9DCB-53F85F9A2654}.Debug|Any CPU.ActiveCfg = Debug|Any CPU
		{846A76AD-26CF-4784-9DCB-53F85F9A2654}.Debug|Any CPU.Build.0 = Debug|Any CPU
		{846A76AD-26CF-4784-9DCB-53F85F9A2654}.Release|Any CPU.ActiveCfg = Release|Any CPU
		{846A76AD-26CF-4784-9DCB-53F85F9A2654}.Release|Any CPU.Build.0 = Release|Any CPU
	EndGlobalSection
	GlobalSection(SolutionProperties) = preSolution
		HideSolutionNode = FALSE
	EndGlobalSection
	GlobalSection(ExtensibilityGlobals) = postSolution
		SolutionGuid = {5B7B3F8E-285F-49AF-92E6-7AD5583D825E}
	EndGlobalSection
EndGlobal
